// !$*UTF8*$!
{
	archiveVersion = 1;
	classes = {
	};
	objectVersion = 50;
	objects = {

/* Begin PBXBuildFile section */
		1E0379B22117FDA1000A0080 /* Api.swift in Sources */ = {isa = PBXBuildFile; fileRef = 1E0379B12117FDA1000A0080 /* Api.swift */; };
		1E0379B421180AF7000A0080 /* Main.storyboard in Resources */ = {isa = PBXBuildFile; fileRef = 1E0379B321180AF7000A0080 /* Main.storyboard */; };
		1E0379B621180B1B000A0080 /* TimelineViewController.swift in Sources */ = {isa = PBXBuildFile; fileRef = 1E0379B521180B1B000A0080 /* TimelineViewController.swift */; };
		1E0379B8211811BB000A0080 /* Ext.swift in Sources */ = {isa = PBXBuildFile; fileRef = 1E0379B7211811BB000A0080 /* Ext.swift */; };
		1E0379BA21181418000A0080 /* TimelineCell.swift in Sources */ = {isa = PBXBuildFile; fileRef = 1E0379B921181418000A0080 /* TimelineCell.swift */; };
		1E0379BC2118143D000A0080 /* TimelineCell.xib in Resources */ = {isa = PBXBuildFile; fileRef = 1E0379BB2118143D000A0080 /* TimelineCell.xib */; };
		1E0379BE21181C92000A0080 /* PostViewController.swift in Sources */ = {isa = PBXBuildFile; fileRef = 1E0379BD21181C92000A0080 /* PostViewController.swift */; };
		1E53A1EF210E0DB700973009 /* AppDelegate.swift in Sources */ = {isa = PBXBuildFile; fileRef = 1E53A1EE210E0DB700973009 /* AppDelegate.swift */; };
		1E53A1F1210E0DB700973009 /* LoginViewController.swift in Sources */ = {isa = PBXBuildFile; fileRef = 1E53A1F0210E0DB700973009 /* LoginViewController.swift */; };
		1E53A1F4210E0DB700973009 /* Login.storyboard in Resources */ = {isa = PBXBuildFile; fileRef = 1E53A1F2210E0DB700973009 /* Login.storyboard */; };
		1E53A1F6210E0DB800973009 /* Assets.xcassets in Resources */ = {isa = PBXBuildFile; fileRef = 1E53A1F5210E0DB800973009 /* Assets.xcassets */; };
		1E53A1F9210E0DB800973009 /* LaunchScreen.storyboard in Resources */ = {isa = PBXBuildFile; fileRef = 1E53A1F7210E0DB800973009 /* LaunchScreen.storyboard */; };
		8A8E5938706AD7AA759CB1E2 /* Pods_GSnap.framework in Frameworks */ = {isa = PBXBuildFile; fileRef = 29759C209E58304A5FC275EB /* Pods_GSnap.framework */; };
/* End PBXBuildFile section */

/* Begin PBXFileReference section */
		1E0379B12117FDA1000A0080 /* Api.swift */ = {isa = PBXFileReference; lastKnownFileType = sourcecode.swift; path = Api.swift; sourceTree = "<group>"; };
		1E0379B321180AF7000A0080 /* Main.storyboard */ = {isa = PBXFileReference; lastKnownFileType = file.storyboard; path = Main.storyboard; sourceTree = "<group>"; };
		1E0379B521180B1B000A0080 /* TimelineViewController.swift */ = {isa = PBXFileReference; lastKnownFileType = sourcecode.swift; path = TimelineViewController.swift; sourceTree = "<group>"; };
		1E0379B7211811BB000A0080 /* Ext.swift */ = {isa = PBXFileReference; lastKnownFileType = sourcecode.swift; path = Ext.swift; sourceTree = "<group>"; };
		1E0379B921181418000A0080 /* TimelineCell.swift */ = {isa = PBXFileReference; lastKnownFileType = sourcecode.swift; path = TimelineCell.swift; sourceTree = "<group>"; };
		1E0379BB2118143D000A0080 /* TimelineCell.xib */ = {isa = PBXFileReference; lastKnownFileType = file.xib; path = TimelineCell.xib; sourceTree = "<group>"; };
		1E0379BD21181C92000A0080 /* PostViewController.swift */ = {isa = PBXFileReference; lastKnownFileType = sourcecode.swift; path = PostViewController.swift; sourceTree = "<group>"; };
		1E53A1EB210E0DB700973009 /* GSnap.app */ = {isa = PBXFileReference; explicitFileType = wrapper.application; includeInIndex = 0; path = GSnap.app; sourceTree = BUILT_PRODUCTS_DIR; };
		1E53A1EE210E0DB700973009 /* AppDelegate.swift */ = {isa = PBXFileReference; lastKnownFileType = sourcecode.swift; path = AppDelegate.swift; sourceTree = "<group>"; };
		1E53A1F0210E0DB700973009 /* LoginViewController.swift */ = {isa = PBXFileReference; lastKnownFileType = sourcecode.swift; path = LoginViewController.swift; sourceTree = "<group>"; };
		1E53A1F3210E0DB700973009 /* Base */ = {isa = PBXFileReference; lastKnownFileType = file.storyboard; name = Base; path = Base.lproj/Login.storyboard; sourceTree = "<group>"; };
		1E53A1F5210E0DB800973009 /* Assets.xcassets */ = {isa = PBXFileReference; lastKnownFileType = folder.assetcatalog; path = Assets.xcassets; sourceTree = "<group>"; };
		1E53A1F8210E0DB800973009 /* Base */ = {isa = PBXFileReference; lastKnownFileType = file.storyboard; name = Base; path = Base.lproj/LaunchScreen.storyboard; sourceTree = "<group>"; };
		1E53A1FA210E0DB800973009 /* Info.plist */ = {isa = PBXFileReference; lastKnownFileType = text.plist.xml; path = Info.plist; sourceTree = "<group>"; };
		29759C209E58304A5FC275EB /* Pods_GSnap.framework */ = {isa = PBXFileReference; explicitFileType = wrapper.framework; includeInIndex = 0; path = Pods_GSnap.framework; sourceTree = BUILT_PRODUCTS_DIR; };
		4BB43E7C78DAAA5B3074D783 /* Pods-GSnap.debug.xcconfig */ = {isa = PBXFileReference; includeInIndex = 1; lastKnownFileType = text.xcconfig; name = "Pods-GSnap.debug.xcconfig"; path = "Pods/Target Support Files/Pods-GSnap/Pods-GSnap.debug.xcconfig"; sourceTree = "<group>"; };
		9E8021795595C86E75CF7AF8 /* Pods-GSnap.release.xcconfig */ = {isa = PBXFileReference; includeInIndex = 1; lastKnownFileType = text.xcconfig; name = "Pods-GSnap.release.xcconfig"; path = "Pods/Target Support Files/Pods-GSnap/Pods-GSnap.release.xcconfig"; sourceTree = "<group>"; };
/* End PBXFileReference section */

/* Begin PBXFrameworksBuildPhase section */
		1E53A1E8210E0DB700973009 /* Frameworks */ = {
			isa = PBXFrameworksBuildPhase;
			buildActionMask = 2147483647;
			files = (
				8A8E5938706AD7AA759CB1E2 /* Pods_GSnap.framework in Frameworks */,
			);
			runOnlyForDeploymentPostprocessing = 0;
		};
/* End PBXFrameworksBuildPhase section */

/* Begin PBXGroup section */
		1E53A1E2210E0DB700973009 = {
			isa = PBXGroup;
			children = (
				1E53A1ED210E0DB700973009 /* GSnap */,
				1E53A1EC210E0DB700973009 /* Products */,
				531DEB70B9E9C1B7196F2ADC /* Pods */,
				68BA72EC98D9521996C280FE /* Frameworks */,
			);
			sourceTree = "<group>";
		};
		1E53A1EC210E0DB700973009 /* Products */ = {
			isa = PBXGroup;
			children = (
				1E53A1EB210E0DB700973009 /* GSnap.app */,
			);
			name = Products;
			sourceTree = "<group>";
		};
		1E53A1ED210E0DB700973009 /* GSnap */ = {
			isa = PBXGroup;
			children = (
				1E53A1EE210E0DB700973009 /* AppDelegate.swift */,
				1E53A1F0210E0DB700973009 /* LoginViewController.swift */,
				1E53A1F5210E0DB800973009 /* Assets.xcassets */,
				1E53A1FA210E0DB800973009 /* Info.plist */,
				1E0379B12117FDA1000A0080 /* Api.swift */,
				1E53A1F2210E0DB700973009 /* Login.storyboard */,
				1E53A1F7210E0DB800973009 /* LaunchScreen.storyboard */,
				1E0379B321180AF7000A0080 /* Main.storyboard */,
				1E0379B521180B1B000A0080 /* TimelineViewController.swift */,
				1E0379B7211811BB000A0080 /* Ext.swift */,
				1E0379B921181418000A0080 /* TimelineCell.swift */,
				1E0379BB2118143D000A0080 /* TimelineCell.xib */,
				1E0379BD21181C92000A0080 /* PostViewController.swift */,
			);
			path = GSnap;
			sourceTree = "<group>";
		};
		531DEB70B9E9C1B7196F2ADC /* Pods */ = {
			isa = PBXGroup;
			children = (
				4BB43E7C78DAAA5B3074D783 /* Pods-GSnap.debug.xcconfig */,
				9E8021795595C86E75CF7AF8 /* Pods-GSnap.release.xcconfig */,
			);
			name = Pods;
			sourceTree = "<group>";
		};
		68BA72EC98D9521996C280FE /* Frameworks */ = {
			isa = PBXGroup;
			children = (
				29759C209E58304A5FC275EB /* Pods_GSnap.framework */,
			);
			name = Frameworks;
			sourceTree = "<group>";
		};
/* End PBXGroup section */

/* Begin PBXNativeTarget section */
		1E53A1EA210E0DB700973009 /* GSnap */ = {
			isa = PBXNativeTarget;
			buildConfigurationList = 1E53A1FD210E0DB800973009 /* Build configuration list for PBXNativeTarget "GSnap" */;
			buildPhases = (
				DDA4DB86DDF1FEE1A2FA7C4B /* [CP] Check Pods Manifest.lock */,
				1E53A1E7210E0DB700973009 /* Sources */,
				1E53A1E8210E0DB700973009 /* Frameworks */,
				1E53A1E9210E0DB700973009 /* Resources */,
				045DC3B60DAF9D453A38CBC2 /* [CP] Embed Pods Frameworks */,
			);
			buildRules = (
			);
			dependencies = (
			);
			name = GSnap;
			productName = GSnap;
			productReference = 1E53A1EB210E0DB700973009 /* GSnap.app */;
			productType = "com.apple.product-type.application";
		};
/* End PBXNativeTarget section */

/* Begin PBXProject section */
		1E53A1E3210E0DB700973009 /* Project object */ = {
			isa = PBXProject;
			attributes = {
				LastSwiftUpdateCheck = 0940;
				LastUpgradeCheck = 0940;
				ORGANIZATIONNAME = "Munesada Yohei";
				TargetAttributes = {
					1E53A1EA210E0DB700973009 = {
						CreatedOnToolsVersion = 9.4.1;
					};
				};
			};
			buildConfigurationList = 1E53A1E6210E0DB700973009 /* Build configuration list for PBXProject "GSnap" */;
			compatibilityVersion = "Xcode 9.3";
			developmentRegion = en;
			hasScannedForEncodings = 0;
			knownRegions = (
				en,
				Base,
			);
			mainGroup = 1E53A1E2210E0DB700973009;
			productRefGroup = 1E53A1EC210E0DB700973009 /* Products */;
			projectDirPath = "";
			projectRoot = "";
			targets = (
				1E53A1EA210E0DB700973009 /* GSnap */,
			);
		};
/* End PBXProject section */

/* Begin PBXResourcesBuildPhase section */
		1E53A1E9210E0DB700973009 /* Resources */ = {
			isa = PBXResourcesBuildPhase;
			buildActionMask = 2147483647;
			files = (
				1E53A1F9210E0DB800973009 /* LaunchScreen.storyboard in Resources */,
				1E53A1F6210E0DB800973009 /* Assets.xcassets in Resources */,
				1E0379BC2118143D000A0080 /* TimelineCell.xib in Resources */,
				1E53A1F4210E0DB700973009 /* Login.storyboard in Resources */,
				1E0379B421180AF7000A0080 /* Main.storyboard in Resources */,
			);
			runOnlyForDeploymentPostprocessing = 0;
		};
/* End PBXResourcesBuildPhase section */

/* Begin PBXShellScriptBuildPhase section */
		045DC3B60DAF9D453A38CBC2 /* [CP] Embed Pods Frameworks */ = {
			isa = PBXShellScriptBuildPhase;
			buildActionMask = 2147483647;
			files = (
			);
			inputPaths = (
				"${SRCROOT}/Pods/Target Support Files/Pods-GSnap/Pods-GSnap-frameworks.sh",
				"${BUILT_PRODUCTS_DIR}/Alamofire/Alamofire.framework",
			);
			name = "[CP] Embed Pods Frameworks";
			outputPaths = (
				"${TARGET_BUILD_DIR}/${FRAMEWORKS_FOLDER_PATH}/Alamofire.framework",
			);
			runOnlyForDeploymentPostprocessing = 0;
			shellPath = /bin/sh;
			shellScript = "\"${SRCROOT}/Pods/Target Support Files/Pods-GSnap/Pods-GSnap-frameworks.sh\"\n";
			showEnvVarsInLog = 0;
		};
		DDA4DB86DDF1FEE1A2FA7C4B /* [CP] Check Pods Manifest.lock */ = {
			isa = PBXShellScriptBuildPhase;
			buildActionMask = 2147483647;
			files = (
			);
			inputPaths = (
				"${PODS_PODFILE_DIR_PATH}/Podfile.lock",
				"${PODS_ROOT}/Manifest.lock",
			);
			name = "[CP] Check Pods Manifest.lock";
			outputPaths = (
				"$(DERIVED_FILE_DIR)/Pods-GSnap-checkManifestLockResult.txt",
			);
			runOnlyForDeploymentPostprocessing = 0;
			shellPath = /bin/sh;
			shellScript = "diff \"${PODS_PODFILE_DIR_PATH}/Podfile.lock\" \"${PODS_ROOT}/Manifest.lock\" > /dev/null\nif [ $? != 0 ] ; then\n    # print error to STDERR\n    echo \"error: The sandbox is not in sync with the Podfile.lock. Run 'pod install' or update your CocoaPods installation.\" >&2\n    exit 1\nfi\n# This output is used by Xcode 'outputs' to avoid re-running this script phase.\necho \"SUCCESS\" > \"${SCRIPT_OUTPUT_FILE_0}\"\n";
			showEnvVarsInLog = 0;
		};
/* End PBXShellScriptBuildPhase section */

/* Begin PBXSourcesBuildPhase section */
		1E53A1E7210E0DB700973009 /* Sources */ = {
			isa = PBXSourcesBuildPhase;
			buildActionMask = 2147483647;
			files = (
				1E0379BA21181418000A0080 /* TimelineCell.swift in Sources */,
				1E0379B22117FDA1000A0080 /* Api.swift in Sources */,
				1E0379BE21181C92000A0080 /* PostViewController.swift in Sources */,
				1E0379B621180B1B000A0080 /* TimelineViewController.swift in Sources */,
				1E53A1F1210E0DB700973009 /* LoginViewController.swift in Sources */,
				1E53A1EF210E0DB700973009 /* AppDelegate.swift in Sources */,
				1E0379B8211811BB000A0080 /* Ext.swift in Sources */,
			);
			runOnlyForDeploymentPostprocessing = 0;
		};
/* End PBXSourcesBuildPhase section */

/* Begin PBXVariantGroup section */
		1E53A1F2210E0DB700973009 /* Login.storyboard */ = {
			isa = PBXVariantGroup;
			children = (
				1E53A1F3210E0DB700973009 /* Base */,
			);
			name = Login.storyboard;
			sourceTree = "<group>";
		};
		1E53A1F7210E0DB800973009 /* LaunchScreen.storyboard */ = {
			isa = PBXVariantGroup;
			children = (
				1E53A1F8210E0DB800973009 /* Base */,
			);
			name = LaunchScreen.storyboard;
			sourceTree = "<group>";
		};
/* End PBXVariantGroup section */

/* Begin XCBuildConfiguration section */
		1E53A1FB210E0DB800973009 /* Debug */ = {
			isa = XCBuildConfiguration;
			buildSettings = {
				ALWAYS_SEARCH_USER_PATHS = NO;
				CLANG_ANALYZER_NONNULL = YES;
				CLANG_ANALYZER_NUMBER_OBJECT_CONVERSION = YES_AGGRESSIVE;
				CLANG_CXX_LANGUAGE_STANDARD = "gnu++14";
				CLANG_CXX_LIBRARY = "libc++";
				CLANG_ENABLE_MODULES = YES;
				CLANG_ENABLE_OBJC_ARC = YES;
				CLANG_ENABLE_OBJC_WEAK = YES;
				CLANG_WARN_BLOCK_CAPTURE_AUTORELEASING = YES;
				CLANG_WARN_BOOL_CONVERSION = YES;
				CLANG_WARN_COMMA = YES;
				CLANG_WARN_CONSTANT_CONVERSION = YES;
				CLANG_WARN_DEPRECATED_OBJC_IMPLEMENTATIONS = YES;
				CLANG_WARN_DIRECT_OBJC_ISA_USAGE = YES_ERROR;
				CLANG_WARN_DOCUMENTATION_COMMENTS = YES;
				CLANG_WARN_EMPTY_BODY = YES;
				CLANG_WARN_ENUM_CONVERSION = YES;
				CLANG_WARN_INFINITE_RECURSION = YES;
				CLANG_WARN_INT_CONVERSION = YES;
				CLANG_WARN_NON_LITERAL_NULL_CONVERSION = YES;
				CLANG_WARN_OBJC_IMPLICIT_RETAIN_SELF = YES;
				CLANG_WARN_OBJC_LITERAL_CONVERSION = YES;
				CLANG_WARN_OBJC_ROOT_CLASS = YES_ERROR;
				CLANG_WARN_RANGE_LOOP_ANALYSIS = YES;
				CLANG_WARN_STRICT_PROTOTYPES = YES;
				CLANG_WARN_SUSPICIOUS_MOVE = YES;
				CLANG_WARN_UNGUARDED_AVAILABILITY = YES_AGGRESSIVE;
				CLANG_WARN_UNREACHABLE_CODE = YES;
				CLANG_WARN__DUPLICATE_METHOD_MATCH = YES;
				CODE_SIGN_IDENTITY = "iPhone Developer";
				COPY_PHASE_STRIP = NO;
				DEBUG_INFORMATION_FORMAT = dwarf;
				ENABLE_STRICT_OBJC_MSGSEND = YES;
				ENABLE_TESTABILITY = YES;
				GCC_C_LANGUAGE_STANDARD = gnu11;
				GCC_DYNAMIC_NO_PIC = NO;
				GCC_NO_COMMON_BLOCKS = YES;
				GCC_OPTIMIZATION_LEVEL = 0;
				GCC_PREPROCESSOR_DEFINITIONS = (
					"DEBUG=1",
					"$(inherited)",
				);
				GCC_WARN_64_TO_32_BIT_CONVERSION = YES;
				GCC_WARN_ABOUT_RETURN_TYPE = YES_ERROR;
				GCC_WARN_UNDECLARED_SELECTOR = YES;
				GCC_WARN_UNINITIALIZED_AUTOS = YES_AGGRESSIVE;
				GCC_WARN_UNUSED_FUNCTION = YES;
				GCC_WARN_UNUSED_VARIABLE = YES;
				IPHONEOS_DEPLOYMENT_TARGET = 11.4;
				MTL_ENABLE_DEBUG_INFO = YES;
				ONLY_ACTIVE_ARCH = YES;
				SDKROOT = iphoneos;
				SWIFT_ACTIVE_COMPILATION_CONDITIONS = DEBUG;
				SWIFT_OPTIMIZATION_LEVEL = "-Onone";
			};
			name = Debug;
		};
		1E53A1FC210E0DB800973009 /* Release */ = {
			isa = XCBuildConfiguration;
			buildSettings = {
				ALWAYS_SEARCH_USER_PATHS = NO;
				CLANG_ANALYZER_NONNULL = YES;
				CLANG_ANALYZER_NUMBER_OBJECT_CONVERSION = YES_AGGRESSIVE;
				CLANG_CXX_LANGUAGE_STANDARD = "gnu++14";
				CLANG_CXX_LIBRARY = "libc++";
				CLANG_ENABLE_MODULES = YES;
				CLANG_ENABLE_OBJC_ARC = YES;
				CLANG_ENABLE_OBJC_WEAK = YES;
				CLANG_WARN_BLOCK_CAPTURE_AUTORELEASING = YES;
				CLANG_WARN_BOOL_CONVERSION = YES;
				CLANG_WARN_COMMA = YES;
				CLANG_WARN_CONSTANT_CONVERSION = YES;
				CLANG_WARN_DEPRECATED_OBJC_IMPLEMENTATIONS = YES;
				CLANG_WARN_DIRECT_OBJC_ISA_USAGE = YES_ERROR;
				CLANG_WARN_DOCUMENTATION_COMMENTS = YES;
				CLANG_WARN_EMPTY_BODY = YES;
				CLANG_WARN_ENUM_CONVERSION = YES;
				CLANG_WARN_INFINITE_RECURSION = YES;
				CLANG_WARN_INT_CONVERSION = YES;
				CLANG_WARN_NON_LITERAL_NULL_CONVERSION = YES;
				CLANG_WARN_OBJC_IMPLICIT_RETAIN_SELF = YES;
				CLANG_WARN_OBJC_LITERAL_CONVERSION = YES;
				CLANG_WARN_OBJC_ROOT_CLASS = YES_ERROR;
				CLANG_WARN_RANGE_LOOP_ANALYSIS = YES;
				CLANG_WARN_STRICT_PROTOTYPES = YES;
				CLANG_WARN_SUSPICIOUS_MOVE = YES;
				CLANG_WARN_UNGUARDED_AVAILABILITY = YES_AGGRESSIVE;
				CLANG_WARN_UNREACHABLE_CODE = YES;
				CLANG_WARN__DUPLICATE_METHOD_MATCH = YES;
				CODE_SIGN_IDENTITY = "iPhone Developer";
				COPY_PHASE_STRIP = NO;
				DEBUG_INFORMATION_FORMAT = "dwarf-with-dsym";
				ENABLE_NS_ASSERTIONS = NO;
				ENABLE_STRICT_OBJC_MSGSEND = YES;
				GCC_C_LANGUAGE_STANDARD = gnu11;
				GCC_NO_COMMON_BLOCKS = YES;
				GCC_WARN_64_TO_32_BIT_CONVERSION = YES;
				GCC_WARN_ABOUT_RETURN_TYPE = YES_ERROR;
				GCC_WARN_UNDECLARED_SELECTOR = YES;
				GCC_WARN_UNINITIALIZED_AUTOS = YES_AGGRESSIVE;
				GCC_WARN_UNUSED_FUNCTION = YES;
				GCC_WARN_UNUSED_VARIABLE = YES;
				IPHONEOS_DEPLOYMENT_TARGET = 11.4;
				MTL_ENABLE_DEBUG_INFO = NO;
				SDKROOT = iphoneos;
				SWIFT_COMPILATION_MODE = wholemodule;
				SWIFT_OPTIMIZATION_LEVEL = "-O";
				VALIDATE_PRODUCT = YES;
			};
			name = Release;
		};
		1E53A1FE210E0DB800973009 /* Debug */ = {
			isa = XCBuildConfiguration;
			baseConfigurationReference = 4BB43E7C78DAAA5B3074D783 /* Pods-GSnap.debug.xcconfig */;
			buildSettings = {
				ASSETCATALOG_COMPILER_APPICON_NAME = AppIcon;
				CODE_SIGN_STYLE = Automatic;
				DEVELOPMENT_TEAM = 4T8AA29M65;
				INFOPLIST_FILE = GSnap/Info.plist;
				LD_RUNPATH_SEARCH_PATHS = (
					"$(inherited)",
					"@executable_path/Frameworks",
				);
				PRODUCT_BUNDLE_IDENTIFIER = net.yoheim.www.GSnap;
				PRODUCT_NAME = "$(TARGET_NAME)";
				SWIFT_VERSION = 4.0;
				TARGETED_DEVICE_FAMILY = "1,2";
			};
			name = Debug;
		};
		1E53A1FF210E0DB800973009 /* Release */ = {
			isa = XCBuildConfiguration;
			baseConfigurationReference = 9E8021795595C86E75CF7AF8 /* Pods-GSnap.release.xcconfig */;
			buildSettings = {
				ASSETCATALOG_COMPILER_APPICON_NAME = AppIcon;
				CODE_SIGN_STYLE = Automatic;
				DEVELOPMENT_TEAM = 4T8AA29M65;
				INFOPLIST_FILE = GSnap/Info.plist;
				LD_RUNPATH_SEARCH_PATHS = (
					"$(inherited)",
					"@executable_path/Frameworks",
				);
				PRODUCT_BUNDLE_IDENTIFIER = net.yoheim.www.GSnap;
				PRODUCT_NAME = "$(TARGET_NAME)";
				SWIFT_VERSION = 4.0;
				TARGETED_DEVICE_FAMILY = "1,2";
			};
			name = Release;
		};
/* End XCBuildConfiguration section */

/* Begin XCConfigurationList section */
		1E53A1E6210E0DB700973009 /* Build configuration list for PBXProject "GSnap" */ = {
			isa = XCConfigurationList;
			buildConfigurations = (
				1E53A1FB210E0DB800973009 /* Debug */,
				1E53A1FC210E0DB800973009 /* Release */,
			);
			defaultConfigurationIsVisible = 0;
			defaultConfigurationName = Release;
		};
		1E53A1FD210E0DB800973009 /* Build configuration list for PBXNativeTarget "GSnap" */ = {
			isa = XCConfigurationList;
			buildConfigurations = (
				1E53A1FE210E0DB800973009 /* Debug */,
				1E53A1FF210E0DB800973009 /* Release */,
			);
			defaultConfigurationIsVisible = 0;
			defaultConfigurationName = Release;
		};
/* End XCConfigurationList section */
	};
	rootObject = 1E53A1E3210E0DB700973009 /* Project object */;
}
